
Microsoft Visual Studio Solution File, Format Version 12.00
# Visual Studio 15
VisualStudioVersion = 15.0.27625.0
MinimumVisualStudioVersion = 10.0.40219.1
Project("{FAE04EC0-301F-11D3-BF4B-00C04F79EFBC}") = "ConfigureAwaitBench.Android", "ConfigureAwaitBench\ConfigureAwaitBench.Android\ConfigureAwaitBench.Android.csproj", "{F979E8D9-86B3-4D4D-9ED0-80C84AEF91F1}"
EndProject
Project("{FAE04EC0-301F-11D3-BF4B-00C04F79EFBC}") = "ConfigureAwaitBench.iOS", "ConfigureAwaitBench\ConfigureAwaitBench.iOS\ConfigureAwaitBench.iOS.csproj", "{FDBF1F8D-33DD-4097-8A50-67DF6082EF43}"
EndProject
Project("{FAE04EC0-301F-11D3-BF4B-00C04F79EFBC}") = "ConfigureAwaitBench.UWP", "ConfigureAwaitBench\ConfigureAwaitBench.UWP\ConfigureAwaitBench.UWP.csproj", "{3154A1B0-B4DA-4CF6-B3C1-2AED95F31BE0}"
EndProject
Project("{FAE04EC0-301F-11D3-BF4B-00C04F79EFBC}") = "ConfigureAwaitBench", "ConfigureAwaitBench\ConfigureAwaitBench\ConfigureAwaitBench.csproj", "{6DDFA63F-A04E-4B03-90E9-9B9FA734C94B}"
EndProject
Global
	GlobalSection(SolutionConfigurationPlatforms) = preSolution
		Ad-Hoc|Any CPU = Ad-Hoc|Any CPU
		Ad-Hoc|ARM = Ad-Hoc|ARM
		Ad-Hoc|iPhone = Ad-Hoc|iPhone
		Ad-Hoc|iPhoneSimulator = Ad-Hoc|iPhoneSimulator
		Ad-Hoc|x64 = Ad-Hoc|x64
		Ad-Hoc|x86 = Ad-Hoc|x86
		AppStore|Any CPU = AppStore|Any CPU
		AppStore|ARM = AppStore|ARM
		AppStore|iPhone = AppStore|iPhone
		AppStore|iPhoneSimulator = AppStore|iPhoneSimulator
		AppStore|x64 = AppStore|x64
		AppStore|x86 = AppStore|x86
		Debug|Any CPU = Debug|Any CPU
		Debug|ARM = Debug|ARM
		Debug|iPhone = Debug|iPhone
		Debug|iPhoneSimulator = Debug|iPhoneSimulator
		Debug|x64 = Debug|x64
		Debug|x86 = Debug|x86
		Release|Any CPU = Release|Any CPU
		Release|ARM = Release|ARM
		Release|iPhone = Release|iPhone
		Release|iPhoneSimulator = Release|iPhoneSimulator
		Release|x64 = Release|x64
		Release|x86 = Release|x86
	EndGlobalSection
	GlobalSection(ProjectConfigurationPlatforms) = postSolution
		{F979E8D9-86B3-4D4D-9ED0-80C84AEF91F1}.Ad-Hoc|Any CPU.ActiveCfg = Release|Any CPU
		{F979E8D9-86B3-4D4D-9ED0-80C84AEF91F1}.Ad-Hoc|Any CPU.Build.0 = Release|Any CPU
		{F979E8D9-86B3-4D4D-9ED0-80C84AEF91F1}.Ad-Hoc|Any CPU.Deploy.0 = Release|Any CPU
		{F979E8D9-86B3-4D4D-9ED0-80C84AEF91F1}.Ad-Hoc|ARM.ActiveCfg = Release|Any CPU
		{F979E8D9-86B3-4D4D-9ED0-80C84AEF91F1}.Ad-Hoc|ARM.Build.0 = Release|Any CPU
		{F979E8D9-86B3-4D4D-9ED0-80C84AEF91F1}.Ad-Hoc|ARM.Deploy.0 = Release|Any CPU
		{F979E8D9-86B3-4D4D-9ED0-80C84AEF91F1}.Ad-Hoc|iPhone.ActiveCfg = Release|Any CPU
		{F979E8D9-86B3-4D4D-9ED0-80C84AEF91F1}.Ad-Hoc|iPhone.Build.0 = Release|Any CPU
		{F979E8D9-86B3-4D4D-9ED0-80C84AEF91F1}.Ad-Hoc|iPhone.Deploy.0 = Release|Any CPU
		{F979E8D9-86B3-4D4D-9ED0-80C84AEF91F1}.Ad-Hoc|iPhoneSimulator.ActiveCfg = Release|Any CPU
		{F979E8D9-86B3-4D4D-9ED0-80C84AEF91F1}.Ad-Hoc|iPhoneSimulator.Build.0 = Release|Any CPU
		{F979E8D9-86B3-4D4D-9ED0-80C84AEF91F1}.Ad-Hoc|iPhoneSimulator.Deploy.0 = Release|Any CPU
		{F979E8D9-86B3-4D4D-9ED0-80C84AEF91F1}.Ad-Hoc|x64.ActiveCfg = Release|Any CPU
		{F979E8D9-86B3-4D4D-9ED0-80C84AEF91F1}.Ad-Hoc|x64.Build.0 = Release|Any CPU
		{F979E8D9-86B3-4D4D-9ED0-80C84AEF91F1}.Ad-Hoc|x64.Deploy.0 = Release|Any CPU
		{F979E8D9-86B3-4D4D-9ED0-80C84AEF91F1}.Ad-Hoc|x86.ActiveCfg = Release|Any CPU
		{F979E8D9-86B3-4D4D-9ED0-80C84AEF91F1}.Ad-Hoc|x86.Build.0 = Release|Any CPU
		{F979E8D9-86B3-4D4D-9ED0-80C84AEF91F1}.Ad-Hoc|x86.Deploy.0 = Release|Any CPU
		{F979E8D9-86B3-4D4D-9ED0-80C84AEF91F1}.AppStore|Any CPU.ActiveCfg = Release|Any CPU
		{F979E8D9-86B3-4D4D-9ED0-80C84AEF91F1}.AppStore|Any CPU.Build.0 = Release|Any CPU
		{F979E8D9-86B3-4D4D-9ED0-80C84AEF91F1}.AppStore|Any CPU.Deploy.0 = Release|Any CPU
		{F979E8D9-86B3-4D4D-9ED0-80C84AEF91F1}.AppStore|ARM.ActiveCfg = Release|Any CPU
		{F979E8D9-86B3-4D4D-9ED0-80C84AEF91F1}.AppStore|ARM.Build.0 = Release|Any CPU
		{F979E8D9-86B3-4D4D-9ED0-80C84AEF91F1}.AppStore|ARM.Deploy.0 = Release|Any CPU
		{F979E8D9-86B3-4D4D-9ED0-80C84AEF91F1}.AppStore|iPhone.ActiveCfg = Release|Any CPU
		{F979E8D9-86B3-4D4D-9ED0-80C84AEF91F1}.AppStore|iPhone.Build.0 = Release|Any CPU
		{F979E8D9-86B3-4D4D-9ED0-80C84AEF91F1}.AppStore|iPhone.Deploy.0 = Release|Any CPU
		{F979E8D9-86B3-4D4D-9ED0-80C84AEF91F1}.AppStore|iPhoneSimulator.ActiveCfg = Release|Any CPU
		{F979E8D9-86B3-4D4D-9ED0-80C84AEF91F1}.AppStore|iPhoneSimulator.Build.0 = Release|Any CPU
		{F979E8D9-86B3-4D4D-9ED0-80C84AEF91F1}.AppStore|iPhoneSimulator.Deploy.0 = Release|Any CPU
		{F979E8D9-86B3-4D4D-9ED0-80C84AEF91F1}.AppStore|x64.ActiveCfg = Release|Any CPU
		{F979E8D9-86B3-4D4D-9ED0-80C84AEF91F1}.AppStore|x64.Build.0 = Release|Any CPU
		{F979E8D9-86B3-4D4D-9ED0-80C84AEF91F1}.AppStore|x64.Deploy.0 = Release|Any CPU
		{F979E8D9-86B3-4D4D-9ED0-80C84AEF91F1}.AppStore|x86.ActiveCfg = Release|Any CPU
		{F979E8D9-86B3-4D4D-9ED0-80C84AEF91F1}.AppStore|x86.Build.0 = Release|Any CPU
		{F979E8D9-86B3-4D4D-9ED0-80C84AEF91F1}.AppStore|x86.Deploy.0 = Release|Any CPU
		{F979E8D9-86B3-4D4D-9ED0-80C84AEF91F1}.Debug|Any CPU.ActiveCfg = Debug|Any CPU
		{F979E8D9-86B3-4D4D-9ED0-80C84AEF91F1}.Debug|Any CPU.Build.0 = Debug|Any CPU
		{F979E8D9-86B3-4D4D-9ED0-80C84AEF91F1}.Debug|Any CPU.Deploy.0 = Debug|Any CPU
		{F979E8D9-86B3-4D4D-9ED0-80C84AEF91F1}.Debug|ARM.ActiveCfg = Debug|Any CPU
		{F979E8D9-86B3-4D4D-9ED0-80C84AEF91F1}.Debug|ARM.Build.0 = Debug|Any CPU
		{F979E8D9-86B3-4D4D-9ED0-80C84AEF91F1}.Debug|ARM.Deploy.0 = Debug|Any CPU
		{F979E8D9-86B3-4D4D-9ED0-80C84AEF91F1}.Debug|iPhone.ActiveCfg = Debug|Any CPU
		{F979E8D9-86B3-4D4D-9ED0-80C84AEF91F1}.Debug|iPhone.Build.0 = Debug|Any CPU
		{F979E8D9-86B3-4D4D-9ED0-80C84AEF91F1}.Debug|iPhone.Deploy.0 = Debug|Any CPU
		{F979E8D9-86B3-4D4D-9ED0-80C84AEF91F1}.Debug|iPhoneSimulator.ActiveCfg = Debug|Any CPU
		{F979E8D9-86B3-4D4D-9ED0-80C84AEF91F1}.Debug|iPhoneSimulator.Build.0 = Debug|Any CPU
		{F979E8D9-86B3-4D4D-9ED0-80C84AEF91F1}.Debug|iPhoneSimulator.Deploy.0 = Debug|Any CPU
		{F979E8D9-86B3-4D4D-9ED0-80C84AEF91F1}.Debug|x64.ActiveCfg = Debug|Any CPU
		{F979E8D9-86B3-4D4D-9ED0-80C84AEF91F1}.Debug|x64.Build.0 = Debug|Any CPU
		{F979E8D9-86B3-4D4D-9ED0-80C84AEF91F1}.Debug|x64.Deploy.0 = Debug|Any CPU
		{F979E8D9-86B3-4D4D-9ED0-80C84AEF91F1}.Debug|x86.ActiveCfg = Debug|Any CPU
		{F979E8D9-86B3-4D4D-9ED0-80C84AEF91F1}.Debug|x86.Build.0 = Debug|Any CPU
		{F979E8D9-86B3-4D4D-9ED0-80C84AEF91F1}.Debug|x86.Deploy.0 = Debug|Any CPU
		{F979E8D9-86B3-4D4D-9ED0-80C84AEF91F1}.Release|Any CPU.ActiveCfg = Release|Any CPU
		{F979E8D9-86B3-4D4D-9ED0-80C84AEF91F1}.Release|Any CPU.Build.0 = Release|Any CPU
		{F979E8D9-86B3-4D4D-9ED0-80C84AEF91F1}.Release|Any CPU.Deploy.0 = Release|Any CPU
		{F979E8D9-86B3-4D4D-9ED0-80C84AEF91F1}.Release|ARM.ActiveCfg = Release|Any CPU
		{F979E8D9-86B3-4D4D-9ED0-80C84AEF91F1}.Release|ARM.Build.0 = Release|Any CPU
		{F979E8D9-86B3-4D4D-9ED0-80C84AEF91F1}.Release|ARM.Deploy.0 = Release|Any CPU
		{F979E8D9-86B3-4D4D-9ED0-80C84AEF91F1}.Release|iPhone.ActiveCfg = Release|Any CPU
		{F979E8D9-86B3-4D4D-9ED0-80C84AEF91F1}.Release|iPhone.Build.0 = Release|Any CPU
		{F979E8D9-86B3-4D4D-9ED0-80C84AEF91F1}.Release|iPhone.Deploy.0 = Release|Any CPU
		{F979E8D9-86B3-4D4D-9ED0-80C84AEF91F1}.Release|iPhoneSimulator.ActiveCfg = Release|Any CPU
		{F979E8D9-86B3-4D4D-9ED0-80C84AEF91F1}.Release|iPhoneSimulator.Build.0 = Release|Any CPU
		{F979E8D9-86B3-4D4D-9ED0-80C84AEF91F1}.Release|iPhoneSimulator.Deploy.0 = Release|Any CPU
		{F979E8D9-86B3-4D4D-9ED0-80C84AEF91F1}.Release|x64.ActiveCfg = Release|Any CPU
		{F979E8D9-86B3-4D4D-9ED0-80C84AEF91F1}.Release|x64.Build.0 = Release|Any CPU
		{F979E8D9-86B3-4D4D-9ED0-80C84AEF91F1}.Release|x64.Deploy.0 = Release|Any CPU
		{F979E8D9-86B3-4D4D-9ED0-80C84AEF91F1}.Release|x86.ActiveCfg = Release|Any CPU
		{F979E8D9-86B3-4D4D-9ED0-80C84AEF91F1}.Release|x86.Build.0 = Release|Any CPU
		{F979E8D9-86B3-4D4D-9ED0-80C84AEF91F1}.Release|x86.Deploy.0 = Release|Any CPU
		{FDBF1F8D-33DD-4097-8A50-67DF6082EF43}.Ad-Hoc|Any CPU.ActiveCfg = Ad-Hoc|iPhone
		{FDBF1F8D-33DD-4097-8A50-67DF6082EF43}.Ad-Hoc|Any CPU.Build.0 = Ad-Hoc|iPhone
		{FDBF1F8D-33DD-4097-8A50-67DF6082EF43}.Ad-Hoc|Any CPU.Deploy.0 = Ad-Hoc|iPhone
		{FDBF1F8D-33DD-4097-8A50-67DF6082EF43}.Ad-Hoc|ARM.ActiveCfg = Ad-Hoc|iPhone
		{FDBF1F8D-33DD-4097-8A50-67DF6082EF43}.Ad-Hoc|ARM.Build.0 = Ad-Hoc|iPhone
		{FDBF1F8D-33DD-4097-8A50-67DF6082EF43}.Ad-Hoc|ARM.Deploy.0 = Ad-Hoc|iPhone
		{FDBF1F8D-33DD-4097-8A50-67DF6082EF43}.Ad-Hoc|iPhone.ActiveCfg = Ad-Hoc|iPhone
		{FDBF1F8D-33DD-4097-8A50-67DF6082EF43}.Ad-Hoc|iPhone.Build.0 = Ad-Hoc|iPhone
		{FDBF1F8D-33DD-4097-8A50-67DF6082EF43}.Ad-Hoc|iPhone.Deploy.0 = Ad-Hoc|iPhone
		{FDBF1F8D-33DD-4097-8A50-67DF6082EF43}.Ad-Hoc|iPhoneSimulator.ActiveCfg = Ad-Hoc|iPhoneSimulator
		{FDBF1F8D-33DD-4097-8A50-67DF6082EF43}.Ad-Hoc|iPhoneSimulator.Build.0 = Ad-Hoc|iPhoneSimulator
		{FDBF1F8D-33DD-4097-8A50-67DF6082EF43}.Ad-Hoc|iPhoneSimulator.Deploy.0 = Ad-Hoc|iPhoneSimulator
		{FDBF1F8D-33DD-4097-8A50-67DF6082EF43}.Ad-Hoc|x64.ActiveCfg = Ad-Hoc|iPhone
		{FDBF1F8D-33DD-4097-8A50-67DF6082EF43}.Ad-Hoc|x64.Build.0 = Ad-Hoc|iPhone
		{FDBF1F8D-33DD-4097-8A50-67DF6082EF43}.Ad-Hoc|x64.Deploy.0 = Ad-Hoc|iPhone
		{FDBF1F8D-33DD-4097-8A50-67DF6082EF43}.Ad-Hoc|x86.ActiveCfg = Ad-Hoc|iPhone
		{FDBF1F8D-33DD-4097-8A50-67DF6082EF43}.Ad-Hoc|x86.Build.0 = Ad-Hoc|iPhone
		{FDBF1F8D-33DD-4097-8A50-67DF6082EF43}.Ad-Hoc|x86.Deploy.0 = Ad-Hoc|iPhone
		{FDBF1F8D-33DD-4097-8A50-67DF6082EF43}.AppStore|Any CPU.ActiveCfg = AppStore|iPhone
		{FDBF1F8D-33DD-4097-8A50-67DF6082EF43}.AppStore|Any CPU.Build.0 = AppStore|iPhone
		{FDBF1F8D-33DD-4097-8A50-67DF6082EF43}.AppStore|Any CPU.Deploy.0 = AppStore|iPhone
		{FDBF1F8D-33DD-4097-8A50-67DF6082EF43}.AppStore|ARM.ActiveCfg = AppStore|iPhone
		{FDBF1F8D-33DD-4097-8A50-67DF6082EF43}.AppStore|ARM.Build.0 = AppStore|iPhone
		{FDBF1F8D-33DD-4097-8A50-67DF6082EF43}.AppStore|ARM.Deploy.0 = AppStore|iPhone
		{FDBF1F8D-33DD-4097-8A50-67DF6082EF43}.AppStore|iPhone.ActiveCfg = AppStore|iPhone
		{FDBF1F8D-33DD-4097-8A50-67DF6082EF43}.AppStore|iPhone.Build.0 = AppStore|iPhone
		{FDBF1F8D-33DD-4097-8A50-67DF6082EF43}.AppStore|iPhone.Deploy.0 = AppStore|iPhone
		{FDBF1F8D-33DD-4097-8A50-67DF6082EF43}.AppStore|iPhoneSimulator.ActiveCfg = AppStore|iPhoneSimulator
		{FDBF1F8D-33DD-4097-8A50-67DF6082EF43}.AppStore|iPhoneSimulator.Build.0 = AppStore|iPhoneSimulator
		{FDBF1F8D-33DD-4097-8A50-67DF6082EF43}.AppStore|iPhoneSimulator.Deploy.0 = AppStore|iPhoneSimulator
		{FDBF1F8D-33DD-4097-8A50-67DF6082EF43}.AppStore|x64.ActiveCfg = AppStore|iPhone
		{FDBF1F8D-33DD-4097-8A50-67DF6082EF43}.AppStore|x64.Build.0 = AppStore|iPhone
		{FDBF1F8D-33DD-4097-8A50-67DF6082EF43}.AppStore|x64.Deploy.0 = AppStore|iPhone
		{FDBF1F8D-33DD-4097-8A50-67DF6082EF43}.AppStore|x86.ActiveCfg = AppStore|iPhone
		{FDBF1F8D-33DD-4097-8A50-67DF6082EF43}.AppStore|x86.Build.0 = AppStore|iPhone
		{FDBF1F8D-33DD-4097-8A50-67DF6082EF43}.AppStore|x86.Deploy.0 = AppStore|iPhone
		{FDBF1F8D-33DD-4097-8A50-67DF6082EF43}.Debug|Any CPU.ActiveCfg = Debug|iPhoneSimulator
		{FDBF1F8D-33DD-4097-8A50-67DF6082EF43}.Debug|Any CPU.Build.0 = Debug|iPhoneSimulator
		{FDBF1F8D-33DD-4097-8A50-67DF6082EF43}.Debug|Any CPU.Deploy.0 = Debug|iPhoneSimulator
		{FDBF1F8D-33DD-4097-8A50-67DF6082EF43}.Debug|ARM.ActiveCfg = Debug|iPhone
		{FDBF1F8D-33DD-4097-8A50-67DF6082EF43}.Debug|ARM.Build.0 = Debug|iPhone
		{FDBF1F8D-33DD-4097-8A50-67DF6082EF43}.Debug|ARM.Deploy.0 = Debug|iPhone
		{FDBF1F8D-33DD-4097-8A50-67DF6082EF43}.Debug|iPhone.ActiveCfg = Debug|iPhone
		{FDBF1F8D-33DD-4097-8A50-67DF6082EF43}.Debug|iPhone.Build.0 = Debug|iPhone
		{FDBF1F8D-33DD-4097-8A50-67DF6082EF43}.Debug|iPhone.Deploy.0 = Debug|iPhone
		{FDBF1F8D-33DD-4097-8A50-67DF6082EF43}.Debug|iPhoneSimulator.ActiveCfg = Debug|iPhoneSimulator
		{FDBF1F8D-33DD-4097-8A50-67DF6082EF43}.Debug|iPhoneSimulator.Build.0 = Debug|iPhoneSimulator
		{FDBF1F8D-33DD-4097-8A50-67DF6082EF43}.Debug|iPhoneSimulator.Deploy.0 = Debug|iPhoneSimulator
		{FDBF1F8D-33DD-4097-8A50-67DF6082EF43}.Debug|x64.ActiveCfg = Debug|iPhone
		{FDBF1F8D-33DD-4097-8A50-67DF6082EF43}.Debug|x64.Build.0 = Debug|iPhone
		{FDBF1F8D-33DD-4097-8A50-67DF6082EF43}.Debug|x64.Deploy.0 = Debug|iPhone
		{FDBF1F8D-33DD-4097-8A50-67DF6082EF43}.Debug|x86.ActiveCfg = Debug|iPhone
		{FDBF1F8D-33DD-4097-8A50-67DF6082EF43}.Debug|x86.Build.0 = Debug|iPhone
		{FDBF1F8D-33DD-4097-8A50-67DF6082EF43}.Debug|x86.Deploy.0 = Debug|iPhone
		{FDBF1F8D-33DD-4097-8A50-67DF6082EF43}.Release|Any CPU.ActiveCfg = Release|iPhone
		{FDBF1F8D-33DD-4097-8A50-67DF6082EF43}.Release|Any CPU.Build.0 = Release|iPhone
		{FDBF1F8D-33DD-4097-8A50-67DF6082EF43}.Release|Any CPU.Deploy.0 = Release|iPhone
		{FDBF1F8D-33DD-4097-8A50-67DF6082EF43}.Release|ARM.ActiveCfg = Release|iPhone
		{FDBF1F8D-33DD-4097-8A50-67DF6082EF43}.Release|ARM.Build.0 = Release|iPhone
		{FDBF1F8D-33DD-4097-8A50-67DF6082EF43}.Release|ARM.Deploy.0 = Release|iPhone
		{FDBF1F8D-33DD-4097-8A50-67DF6082EF43}.Release|iPhone.ActiveCfg = Release|iPhone
		{FDBF1F8D-33DD-4097-8A50-67DF6082EF43}.Release|iPhone.Build.0 = Release|iPhone
		{FDBF1F8D-33DD-4097-8A50-67DF6082EF43}.Release|iPhone.Deploy.0 = Release|iPhone
		{FDBF1F8D-33DD-4097-8A50-67DF6082EF43}.Release|iPhoneSimulator.ActiveCfg = Release|iPhoneSimulator
		{FDBF1F8D-33DD-4097-8A50-67DF6082EF43}.Release|iPhoneSimulator.Build.0 = Release|iPhoneSimulator
		{FDBF1F8D-33DD-4097-8A50-67DF6082EF43}.Release|iPhoneSimulator.Deploy.0 = Release|iPhoneSimulator
		{FDBF1F8D-33DD-4097-8A50-67DF6082EF43}.Release|x64.ActiveCfg = Release|iPhone
		{FDBF1F8D-33DD-4097-8A50-67DF6082EF43}.Release|x64.Build.0 = Release|iPhone
		{FDBF1F8D-33DD-4097-8A50-67DF6082EF43}.Release|x64.Deploy.0 = Release|iPhone
		{FDBF1F8D-33DD-4097-8A50-67DF6082EF43}.Release|x86.ActiveCfg = Release|iPhone
		{FDBF1F8D-33DD-4097-8A50-67DF6082EF43}.Release|x86.Build.0 = Release|iPhone
		{FDBF1F8D-33DD-4097-8A50-67DF6082EF43}.Release|x86.Deploy.0 = Release|iPhone
		{3154A1B0-B4DA-4CF6-B3C1-2AED95F31BE0}.Ad-Hoc|Any CPU.ActiveCfg = Release|x86
		{3154A1B0-B4DA-4CF6-B3C1-2AED95F31BE0}.Ad-Hoc|Any CPU.Build.0 = Release|x86
		{3154A1B0-B4DA-4CF6-B3C1-2AED95F31BE0}.Ad-Hoc|Any CPU.Deploy.0 = Release|x86
		{3154A1B0-B4DA-4CF6-B3C1-2AED95F31BE0}.Ad-Hoc|ARM.ActiveCfg = Release|ARM
		{3154A1B0-B4DA-4CF6-B3C1-2AED95F31BE0}.Ad-Hoc|ARM.Build.0 = Release|ARM
		{3154A1B0-B4DA-4CF6-B3C1-2AED95F31BE0}.Ad-Hoc|ARM.Deploy.0 = Release|ARM
		{3154A1B0-B4DA-4CF6-B3C1-2AED95F31BE0}.Ad-Hoc|iPhone.ActiveCfg = Release|x86
		{3154A1B0-B4DA-4CF6-B3C1-2AED95F31BE0}.Ad-Hoc|iPhone.Build.0 = Release|x86
		{3154A1B0-B4DA-4CF6-B3C1-2AED95F31BE0}.Ad-Hoc|iPhone.Deploy.0 = Release|x86
		{3154A1B0-B4DA-4CF6-B3C1-2AED95F31BE0}.Ad-Hoc|iPhoneSimulator.ActiveCfg = Release|x86
		{3154A1B0-B4DA-4CF6-B3C1-2AED95F31BE0}.Ad-Hoc|iPhoneSimulator.Build.0 = Release|x86
		{3154A1B0-B4DA-4CF6-B3C1-2AED95F31BE0}.Ad-Hoc|iPhoneSimulator.Deploy.0 = Release|x86
		{3154A1B0-B4DA-4CF6-B3C1-2AED95F31BE0}.Ad-Hoc|x64.ActiveCfg = Release|x64
		{3154A1B0-B4DA-4CF6-B3C1-2AED95F31BE0}.Ad-Hoc|x64.Build.0 = Release|x64
		{3154A1B0-B4DA-4CF6-B3C1-2AED95F31BE0}.Ad-Hoc|x64.Deploy.0 = Release|x64
		{3154A1B0-B4DA-4CF6-B3C1-2AED95F31BE0}.Ad-Hoc|x86.ActiveCfg = Release|x86
		{3154A1B0-B4DA-4CF6-B3C1-2AED95F31BE0}.Ad-Hoc|x86.Build.0 = Release|x86
		{3154A1B0-B4DA-4CF6-B3C1-2AED95F31BE0}.Ad-Hoc|x86.Deploy.0 = Release|x86
		{3154A1B0-B4DA-4CF6-B3C1-2AED95F31BE0}.AppStore|Any CPU.ActiveCfg = Release|x86
		{3154A1B0-B4DA-4CF6-B3C1-2AED95F31BE0}.AppStore|Any CPU.Build.0 = Release|x86
		{3154A1B0-B4DA-4CF6-B3C1-2AED95F31BE0}.AppStore|Any CPU.Deploy.0 = Release|x86
		{3154A1B0-B4DA-4CF6-B3C1-2AED95F31BE0}.AppStore|ARM.ActiveCfg = Release|ARM
		{3154A1B0-B4DA-4CF6-B3C1-2AED95F31BE0}.AppStore|ARM.Build.0 = Release|ARM
		{3154A1B0-B4DA-4CF6-B3C1-2AED95F31BE0}.AppStore|ARM.Deploy.0 = Release|ARM
		{3154A1B0-B4DA-4CF6-B3C1-2AED95F31BE0}.AppStore|iPhone.ActiveCfg = Release|x86
		{3154A1B0-B4DA-4CF6-B3C1-2AED95F31BE0}.AppStore|iPhone.Build.0 = Release|x86
		{3154A1B0-B4DA-4CF6-B3C1-2AED95F31BE0}.AppStore|iPhone.Deploy.0 = Release|x86
		{3154A1B0-B4DA-4CF6-B3C1-2AED95F31BE0}.AppStore|iPhoneSimulator.ActiveCfg = Release|x86
		{3154A1B0-B4DA-4CF6-B3C1-2AED95F31BE0}.AppStore|iPhoneSimulator.Build.0 = Release|x86
		{3154A1B0-B4DA-4CF6-B3C1-2AED95F31BE0}.AppStore|iPhoneSimulator.Deploy.0 = Release|x86
		{3154A1B0-B4DA-4CF6-B3C1-2AED95F31BE0}.AppStore|x64.ActiveCfg = Release|x64
		{3154A1B0-B4DA-4CF6-B3C1-2AED95F31BE0}.AppStore|x64.Build.0 = Release|x64
		{3154A1B0-B4DA-4CF6-B3C1-2AED95F31BE0}.AppStore|x64.Deploy.0 = Release|x64
		{3154A1B0-B4DA-4CF6-B3C1-2AED95F31BE0}.AppStore|x86.ActiveCfg = Release|x86
		{3154A1B0-B4DA-4CF6-B3C1-2AED95F31BE0}.AppStore|x86.Build.0 = Release|x86
		{3154A1B0-B4DA-4CF6-B3C1-2AED95F31BE0}.AppStore|x86.Deploy.0 = Release|x86
		{3154A1B0-B4DA-4CF6-B3C1-2AED95F31BE0}.Debug|Any CPU.ActiveCfg = Debug|x86
		{3154A1B0-B4DA-4CF6-B3C1-2AED95F31BE0}.Debug|Any CPU.Build.0 = Debug|x86
		{3154A1B0-B4DA-4CF6-B3C1-2AED95F31BE0}.Debug|Any CPU.Deploy.0 = Debug|x86
		{3154A1B0-B4DA-4CF6-B3C1-2AED95F31BE0}.Debug|ARM.ActiveCfg = Debug|ARM
		{3154A1B0-B4DA-4CF6-B3C1-2AED95F31BE0}.Debug|ARM.Build.0 = Debug|ARM
		{3154A1B0-B4DA-4CF6-B3C1-2AED95F31BE0}.Debug|ARM.Deploy.0 = Debug|ARM
		{3154A1B0-B4DA-4CF6-B3C1-2AED95F31BE0}.Debug|iPhone.ActiveCfg = Debug|x86
		{3154A1B0-B4DA-4CF6-B3C1-2AED95F31BE0}.Debug|iPhone.Build.0 = Debug|x86
		{3154A1B0-B4DA-4CF6-B3C1-2AED95F31BE0}.Debug|iPhone.Deploy.0 = Debug|x86
		{3154A1B0-B4DA-4CF6-B3C1-2AED95F31BE0}.Debug|iPhoneSimulator.ActiveCfg = Debug|x86
		{3154A1B0-B4DA-4CF6-B3C1-2AED95F31BE0}.Debug|iPhoneSimulator.Build.0 = Debug|x86
		{3154A1B0-B4DA-4CF6-B3C1-2AED95F31BE0}.Debug|iPhoneSimulator.Deploy.0 = Debug|x86
		{3154A1B0-B4DA-4CF6-B3C1-2AED95F31BE0}.Debug|x64.ActiveCfg = Debug|x64
		{3154A1B0-B4DA-4CF6-B3C1-2AED95F31BE0}.Debug|x64.Build.0 = Debug|x64
		{3154A1B0-B4DA-4CF6-B3C1-2AED95F31BE0}.Debug|x64.Deploy.0 = Debug|x64
		{3154A1B0-B4DA-4CF6-B3C1-2AED95F31BE0}.Debug|x86.ActiveCfg = Debug|x86
		{3154A1B0-B4DA-4CF6-B3C1-2AED95F31BE0}.Debug|x86.Build.0 = Debug|x86
		{3154A1B0-B4DA-4CF6-B3C1-2AED95F31BE0}.Debug|x86.Deploy.0 = Debug|x86
		{3154A1B0-B4DA-4CF6-B3C1-2AED95F31BE0}.Release|Any CPU.ActiveCfg = Release|x86
		{3154A1B0-B4DA-4CF6-B3C1-2AED95F31BE0}.Release|Any CPU.Build.0 = Release|x86
		{3154A1B0-B4DA-4CF6-B3C1-2AED95F31BE0}.Release|Any CPU.Deploy.0 = Release|x86
		{3154A1B0-B4DA-4CF6-B3C1-2AED95F31BE0}.Release|ARM.ActiveCfg = Release|ARM
		{3154A1B0-B4DA-4CF6-B3C1-2AED95F31BE0}.Release|ARM.Build.0 = Release|ARM
		{3154A1B0-B4DA-4CF6-B3C1-2AED95F31BE0}.Release|ARM.Deploy.0 = Release|ARM
		{3154A1B0-B4DA-4CF6-B3C1-2AED95F31BE0}.Release|iPhone.ActiveCfg = Release|x86
		{3154A1B0-B4DA-4CF6-B3C1-2AED95F31BE0}.Release|iPhone.Build.0 = Release|x86
		{3154A1B0-B4DA-4CF6-B3C1-2AED95F31BE0}.Release|iPhone.Deploy.0 = Release|x86
		{3154A1B0-B4DA-4CF6-B3C1-2AED95F31BE0}.Release|iPhoneSimulator.ActiveCfg = Release|x86
		{3154A1B0-B4DA-4CF6-B3C1-2AED95F31BE0}.Release|iPhoneSimulator.Build.0 = Release|x86
		{3154A1B0-B4DA-4CF6-B3C1-2AED95F31BE0}.Release|iPhoneSimulator.Deploy.0 = Release|x86
		{3154A1B0-B4DA-4CF6-B3C1-2AED95F31BE0}.Release|x64.ActiveCfg = Release|x64
		{3154A1B0-B4DA-4CF6-B3C1-2AED95F31BE0}.Release|x64.Build.0 = Release|x64
		{3154A1B0-B4DA-4CF6-B3C1-2AED95F31BE0}.Release|x64.Deploy.0 = Release|x64
		{3154A1B0-B4DA-4CF6-B3C1-2AED95F31BE0}.Release|x86.ActiveCfg = Release|x86
		{3154A1B0-B4DA-4CF6-B3C1-2AED95F31BE0}.Release|x86.Build.0 = Release|x86
		{3154A1B0-B4DA-4CF6-B3C1-2AED95F31BE0}.Release|x86.Deploy.0 = Release|x86
		{6DDFA63F-A04E-4B03-90E9-9B9FA734C94B}.Ad-Hoc|Any CPU.ActiveCfg = Debug|Any CPU
		{6DDFA63F-A04E-4B03-90E9-9B9FA734C94B}.Ad-Hoc|Any CPU.Build.0 = Debug|Any CPU
		{6DDFA63F-A04E-4B03-90E9-9B9FA734C94B}.Ad-Hoc|Any CPU.Deploy.0 = Debug|Any CPU
		{6DDFA63F-A04E-4B03-90E9-9B9FA734C94B}.Ad-Hoc|ARM.ActiveCfg = Debug|Any CPU
		{6DDFA63F-A04E-4B03-90E9-9B9FA734C94B}.Ad-Hoc|ARM.Build.0 = Debug|Any CPU
		{6DDFA63F-A04E-4B03-90E9-9B9FA734C94B}.Ad-Hoc|ARM.Deploy.0 = Debug|Any CPU
		{6DDFA63F-A04E-4B03-90E9-9B9FA734C94B}.Ad-Hoc|iPhone.ActiveCfg = Debug|Any CPU
		{6DDFA63F-A04E-4B03-90E9-9B9FA734C94B}.Ad-Hoc|iPhone.Build.0 = Debug|Any CPU
		{6DDFA63F-A04E-4B03-90E9-9B9FA734C94B}.Ad-Hoc|iPhone.Deploy.0 = Debug|Any CPU
		{6DDFA63F-A04E-4B03-90E9-9B9FA734C94B}.Ad-Hoc|iPhoneSimulator.ActiveCfg = Debug|Any CPU
		{6DDFA63F-A04E-4B03-90E9-9B9FA734C94B}.Ad-Hoc|iPhoneSimulator.Build.0 = Debug|Any CPU
		{6DDFA63F-A04E-4B03-90E9-9B9FA734C94B}.Ad-Hoc|iPhoneSimulator.Deploy.0 = Debug|Any CPU
		{6DDFA63F-A04E-4B03-90E9-9B9FA734C94B}.Ad-Hoc|x64.ActiveCfg = Debug|Any CPU
		{6DDFA63F-A04E-4B03-90E9-9B9FA734C94B}.Ad-Hoc|x64.Build.0 = Debug|Any CPU
		{6DDFA63F-A04E-4B03-90E9-9B9FA734C94B}.Ad-Hoc|x64.Deploy.0 = Debug|Any CPU
		{6DDFA63F-A04E-4B03-90E9-9B9FA734C94B}.Ad-Hoc|x86.ActiveCfg = Debug|Any CPU
		{6DDFA63F-A04E-4B03-90E9-9B9FA734C94B}.Ad-Hoc|x86.Build.0 = Debug|Any CPU
		{6DDFA63F-A04E-4B03-90E9-9B9FA734C94B}.Ad-Hoc|x86.Deploy.0 = Debug|Any CPU
		{6DDFA63F-A04E-4B03-90E9-9B9FA734C94B}.AppStore|Any CPU.ActiveCfg = Debug|Any CPU
		{6DDFA63F-A04E-4B03-90E9-9B9FA734C94B}.AppStore|Any CPU.Build.0 = Debug|Any CPU
		{6DDFA63F-A04E-4B03-90E9-9B9FA734C94B}.AppStore|Any CPU.Deploy.0 = Debug|Any CPU
		{6DDFA63F-A04E-4B03-90E9-9B9FA734C94B}.AppStore|ARM.ActiveCfg = Debug|Any CPU
		{6DDFA63F-A04E-4B03-90E9-9B9FA734C94B}.AppStore|ARM.Build.0 = Debug|Any CPU
		{6DDFA63F-A04E-4B03-90E9-9B9FA734C94B}.AppStore|ARM.Deploy.0 = Debug|Any CPU
		{6DDFA63F-A04E-4B03-90E9-9B9FA734C94B}.AppStore|iPhone.ActiveCfg = Debug|Any CPU
		{6DDFA63F-A04E-4B03-90E9-9B9FA734C94B}.AppStore|iPhone.Build.0 = Debug|Any CPU
		{6DDFA63F-A04E-4B03-90E9-9B9FA734C94B}.AppStore|iPhone.Deploy.0 = Debug|Any CPU
		{6DDFA63F-A04E-4B03-90E9-9B9FA734C94B}.AppStore|iPhoneSimulator.ActiveCfg = Debug|Any CPU
		{6DDFA63F-A04E-4B03-90E9-9B9FA734C94B}.AppStore|iPhoneSimulator.Build.0 = Debug|Any CPU
		{6DDFA63F-A04E-4B03-90E9-9B9FA734C94B}.AppStore|iPhoneSimulator.Deploy.0 = Debug|Any CPU
		{6DDFA63F-A04E-4B03-90E9-9B9FA734C94B}.AppStore|x64.ActiveCfg = Debug|Any CPU
		{6DDFA63F-A04E-4B03-90E9-9B9FA734C94B}.AppStore|x64.Build.0 = Debug|Any CPU
		{6DDFA63F-A04E-4B03-90E9-9B9FA734C94B}.AppStore|x64.Deploy.0 = Debug|Any CPU
		{6DDFA63F-A04E-4B03-90E9-9B9FA734C94B}.AppStore|x86.ActiveCfg = Debug|Any CPU
		{6DDFA63F-A04E-4B03-90E9-9B9FA734C94B}.AppStore|x86.Build.0 = Debug|Any CPU
		{6DDFA63F-A04E-4B03-90E9-9B9FA734C94B}.AppStore|x86.Deploy.0 = Debug|Any CPU
		{6DDFA63F-A04E-4B03-90E9-9B9FA734C94B}.Debug|Any CPU.ActiveCfg = Debug|Any CPU
		{6DDFA63F-A04E-4B03-90E9-9B9FA734C94B}.Debug|Any CPU.Build.0 = Debug|Any CPU
		{6DDFA63F-A04E-4B03-90E9-9B9FA734C94B}.Debug|Any CPU.Deploy.0 = Debug|Any CPU
		{6DDFA63F-A04E-4B03-90E9-9B9FA734C94B}.Debug|ARM.ActiveCfg = Debug|Any CPU
		{6DDFA63F-A04E-4B03-90E9-9B9FA734C94B}.Debug|ARM.Build.0 = Debug|Any CPU
		{6DDFA63F-A04E-4B03-90E9-9B9FA734C94B}.Debug|ARM.Deploy.0 = Debug|Any CPU
		{6DDFA63F-A04E-4B03-90E9-9B9FA734C94B}.Debug|iPhone.ActiveCfg = Debug|Any CPU
		{6DDFA63F-A04E-4B03-90E9-9B9FA734C94B}.Debug|iPhone.Build.0 = Debug|Any CPU
		{6DDFA63F-A04E-4B03-90E9-9B9FA734C94B}.Debug|iPhone.Deploy.0 = Debug|Any CPU
		{6DDFA63F-A04E-4B03-90E9-9B9FA734C94B}.Debug|iPhoneSimulator.ActiveCfg = Debug|Any CPU
		{6DDFA63F-A04E-4B03-90E9-9B9FA734C94B}.Debug|iPhoneSimulator.Build.0 = Debug|Any CPU
		{6DDFA63F-A04E-4B03-90E9-9B9FA734C94B}.Debug|iPhoneSimulator.Deploy.0 = Debug|Any CPU
		{6DDFA63F-A04E-4B03-90E9-9B9FA734C94B}.Debug|x64.ActiveCfg = Debug|Any CPU
		{6DDFA63F-A04E-4B03-90E9-9B9FA734C94B}.Debug|x64.Build.0 = Debug|Any CPU
		{6DDFA63F-A04E-4B03-90E9-9B9FA734C94B}.Debug|x64.Deploy.0 = Debug|Any CPU
		{6DDFA63F-A04E-4B03-90E9-9B9FA734C94B}.Debug|x86.ActiveCfg = Debug|Any CPU
		{6DDFA63F-A04E-4B03-90E9-9B9FA734C94B}.Debug|x86.Build.0 = Debug|Any CPU
		{6DDFA63F-A04E-4B03-90E9-9B9FA734C94B}.Debug|x86.Deploy.0 = Debug|Any CPU
		{6DDFA63F-A04E-4B03-90E9-9B9FA734C94B}.Release|Any CPU.ActiveCfg = Release|Any CPU
		{6DDFA63F-A04E-4B03-90E9-9B9FA734C94B}.Release|Any CPU.Build.0 = Release|Any CPU
		{6DDFA63F-A04E-4B03-90E9-9B9FA734C94B}.Release|Any CPU.Deploy.0 = Release|Any CPU
		{6DDFA63F-A04E-4B03-90E9-9B9FA734C94B}.Release|ARM.ActiveCfg = Release|Any CPU
		{6DDFA63F-A04E-4B03-90E9-9B9FA734C94B}.Release|ARM.Build.0 = Release|Any CPU
		{6DDFA63F-A04E-4B03-90E9-9B9FA734C94B}.Release|ARM.Deploy.0 = Release|Any CPU
		{6DDFA63F-A04E-4B03-90E9-9B9FA734C94B}.Release|iPhone.ActiveCfg = Release|Any CPU
		{6DDFA63F-A04E-4B03-90E9-9B9FA734C94B}.Release|iPhone.Build.0 = Release|Any CPU
		{6DDFA63F-A04E-4B03-90E9-9B9FA734C94B}.Release|iPhone.Deploy.0 = Release|Any CPU
		{6DDFA63F-A04E-4B03-90E9-9B9FA734C94B}.Release|iPhoneSimulator.ActiveCfg = Release|Any CPU
		{6DDFA63F-A04E-4B03-90E9-9B9FA734C94B}.Release|iPhoneSimulator.Build.0 = Release|Any CPU
		{6DDFA63F-A04E-4B03-90E9-9B9FA734C94B}.Release|iPhoneSimulator.Deploy.0 = Release|Any CPU
		{6DDFA63F-A04E-4B03-90E9-9B9FA734C94B}.Release|x64.ActiveCfg = Release|Any CPU
		{6DDFA63F-A04E-4B03-90E9-9B9FA734C94B}.Release|x64.Build.0 = Release|Any CPU
		{6DDFA63F-A04E-4B03-90E9-9B9FA734C94B}.Release|x64.Deploy.0 = Release|Any CPU
		{6DDFA63F-A04E-4B03-90E9-9B9FA734C94B}.Release|x86.ActiveCfg = Release|Any CPU
		{6DDFA63F-A04E-4B03-90E9-9B9FA734C94B}.Release|x86.Build.0 = Release|Any CPU
		{6DDFA63F-A04E-4B03-90E9-9B9FA734C94B}.Release|x86.Deploy.0 = Release|Any CPU
	EndGlobalSection
	GlobalSection(SolutionProperties) = preSolution
		HideSolutionNode = FALSE
	EndGlobalSection
	GlobalSection(ExtensibilityGlobals) = postSolution
		SolutionGuid = {1F0556AE-EF7C-4C62-956F-1FEC1058E2C9}
	EndGlobalSection
EndGlobal
